
Microsoft Visual Studio Solution File, Format Version 12.00
# Visual Studio 2013
VisualStudioVersion = 12.0.31101.0
MinimumVisualStudioVersion = 10.0.40219.1
Project("{FAE04EC0-301F-11D3-BF4B-00C04F79EFBC}") = "mq.ui.MQWebSite", "MQWebSite\mq.ui.MQWebSite.csproj", "{D7CEF810-C20C-4B07-9813-1015811EB472}"
EndProject
Project("{2150E333-8FDC-42A3-9474-1A3956D46DE8}") = "0 WebService", "0 WebService", "{1E8FFC09-44F9-438C-B4E8-6AAAD181406F}"
EndProject
Project("{2150E333-8FDC-42A3-9474-1A3956D46DE8}") = "1 Model", "1 Model", "{C6A9E05D-DCB0-49B8-A0F5-BF30E90077B0}"
EndProject
Project("{2150E333-8FDC-42A3-9474-1A3956D46DE8}") = "2 Application", "2 Application", "{20F08D9D-FAE8-4966-AA5C-6673E8941507}"
EndProject
Project("{2150E333-8FDC-42A3-9474-1A3956D46DE8}") = "3 DataAccess", "3 DataAccess", "{98541F5B-5D4A-4BF0-87FD-B4652DA4CC5B}"
EndProject
Project("{2150E333-8FDC-42A3-9474-1A3956D46DE8}") = "4 UI", "4 UI", "{107BD733-D37D-4EA9-B449-8542E99B4942}"
EndProject
Project("{2150E333-8FDC-42A3-9474-1A3956D46DE8}") = "5 Test", "5 Test", "{B44B248F-2BB5-479F-8904-643DE633B559}"
EndProject
Project("{2150E333-8FDC-42A3-9474-1A3956D46DE8}") = "6 Project", "6 Project", "{56BB3636-4AB3-4401-9275-2A89AC635B19}"
EndProject
Project("{2150E333-8FDC-42A3-9474-1A3956D46DE8}") = "7 WindowsService", "7 WindowsService", "{880DA4A9-EE39-4DC8-8CB4-43B8EB841C10}"
EndProject
Project("{FAE04EC0-301F-11D3-BF4B-00C04F79EFBC}") = "mq.model.dbentity", "mq.model.dbentity\mq.model.dbentity.csproj", "{972E976F-B1C2-4389-93CE-8034470C97A8}"
EndProject
Project("{FAE04EC0-301F-11D3-BF4B-00C04F79EFBC}") = "mq.model.extendedentity", "mq.model.extendedentity\mq.model.extendedentity.csproj", "{60F20494-7CD6-42DE-9976-5CCAD7B48143}"
EndProject
Project("{FAE04EC0-301F-11D3-BF4B-00C04F79EFBC}") = "mq.application.common", "mq.application.common\mq.application.common.csproj", "{F5D724BA-554F-4664-B285-E886BA4A80F2}"
EndProject
Project("{FAE04EC0-301F-11D3-BF4B-00C04F79EFBC}") = "mq.application.enumlib", "mq.application.enumlib\mq.application.enumlib.csproj", "{06342F0F-16AE-43D7-B322-AD139E95DF12}"
EndProject
Project("{FAE04EC0-301F-11D3-BF4B-00C04F79EFBC}") = "mq.application.service", "mq.application.service\mq.application.service.csproj", "{189DCA3A-C807-47C3-9ACA-D1FD126E9331}"
EndProject
Project("{FAE04EC0-301F-11D3-BF4B-00C04F79EFBC}") = "mq.dataaccess.sql", "mq.dataaccess.sql\mq.dataaccess.sql.csproj", "{BE24CB39-F952-4438-9613-7EFBAB5EC141}"
EndProject
Project("{FAE04EC0-301F-11D3-BF4B-00C04F79EFBC}") = "mq.application.webmvc", "mq.application.webmvc\mq.application.webmvc.csproj", "{A1F3F946-87F5-4F08-BDE0-335ACF51C995}"
EndProject
Project("{FAE04EC0-301F-11D3-BF4B-00C04F79EFBC}") = "mq.ui.resource", "mq.ui.resource\mq.ui.resource.csproj", "{94C525C7-E583-4ADB-A197-85E0C2D96DEF}"
EndProject
Project("{FAE04EC0-301F-11D3-BF4B-00C04F79EFBC}") = "mq.ui.EmployeeWebSite", "mq.ui.MQWebSiteBG\mq.ui.EmployeeWebSite.csproj", "{B6EAC230-1E44-469B-BA50-3A5DF5F4652E}"
EndProject
Project("{FAE04EC0-301F-11D3-BF4B-00C04F79EFBC}") = "mq.model.viewentity", "mq.model.viewentity\mq.model.viewentity.csproj", "{7267E24E-76E3-407B-976B-75B5A298DC49}"
EndProject
Project("{FAE04EC0-301F-11D3-BF4B-00C04F79EFBC}") = "WebApplicationTest", "WebApplicationTest\WebApplicationTest.csproj", "{58E2AD95-B412-4021-991A-75799BE4C0F2}"
EndProject
Project("{FAE04EC0-301F-11D3-BF4B-00C04F79EFBC}") = "mq.dataaccess.nosql", "mq.dataaccess.nosql\mq.dataaccess.nosql.csproj", "{0A53FAB2-F142-4627-9DF9-10E74E37034C}"
EndProject
Project("{FAE04EC0-301F-11D3-BF4B-00C04F79EFBC}") = "CreateKey", "CreateKey\CreateKey.csproj", "{B24F151F-CA1C-4C1B-A27A-98A3049D4884}"
EndProject
Project("{FAE04EC0-301F-11D3-BF4B-00C04F79EFBC}") = "mq.webservice.upload", "mq.webservice.upload\mq.webservice.upload.csproj", "{7F477410-CC32-45CE-B85C-FA518FE68228}"
EndProject
Project("{FAE04EC0-301F-11D3-BF4B-00C04F79EFBC}") = "mq.ui.publicmessage", "mq.ui.publicmessage\mq.ui.publicmessage.csproj", "{424CE267-7472-4138-90E0-7D41610FEEEF}"
EndProject
Project("{FAE04EC0-301F-11D3-BF4B-00C04F79EFBC}") = "mq.ui.employeebg", "mq.ui.employeebg\mq.ui.employeebg.csproj", "{12061E98-6342-4ACC-B366-BBBDF100FB07}"
EndProject
Project("{FAE04EC0-301F-11D3-BF4B-00C04F79EFBC}") = "RedisDemo", "RedisDemo\RedisDemo.csproj", "{4FCDE0F5-208C-487D-A982-712E4EBC24D4}"
EndProject
Project("{FAE04EC0-301F-11D3-BF4B-00C04F79EFBC}") = "网络简单登录破解1", "网络简单登录破解1\网络简单登录破解1.csproj", "{C4092C40-BC8C-435F-83D4-3CAD71895522}"
EndProject
Project("{FAE04EC0-301F-11D3-BF4B-00C04F79EFBC}") = "网络简单登录破解2", "网络简单登录破解2\网络简单登录破解2.csproj", "{CF03D5A6-2A4F-4822-B010-9CEA7237B0DE}"
EndProject
Project("{FAE04EC0-301F-11D3-BF4B-00C04F79EFBC}") = "AngularJsDemo", "AngularJsDemo\AngularJsDemo.csproj", "{95D0DB6C-3A6B-4E12-A715-15F228E69BBB}"
EndProject
Project("{FAE04EC0-301F-11D3-BF4B-00C04F79EFBC}") = "mq.test.im", "mq.test.im\mq.test.im.csproj", "{B7FF569D-464A-4DB6-AA25-AE1C17106D03}"
EndProject
Project("{FAE04EC0-301F-11D3-BF4B-00C04F79EFBC}") = "mq.ui.im", "mq.ui.im\mq.ui.im.csproj", "{C1E45178-D469-4CD3-8CC2-A646E446E9EE}"
EndProject
Project("{FAE04EC0-301F-11D3-BF4B-00C04F79EFBC}") = "mq.windowsservice.im", "mq.windowsservice.im\mq.windowsservice.im.csproj", "{EDEC3020-B3E1-45A0-8376-F81F675A366A}"
EndProject
Project("{FAE04EC0-301F-11D3-BF4B-00C04F79EFBC}") = "MyMVC", "MyMVC\MyMVC.csproj", "{20EFC86A-02AE-4F45-9AA2-9CE2C0979784}"
EndProject
Global
	GlobalSection(SolutionConfigurationPlatforms) = preSolution
		Debug|Any CPU = Debug|Any CPU
		Release|Any CPU = Release|Any CPU
	EndGlobalSection
	GlobalSection(ProjectConfigurationPlatforms) = postSolution
		{D7CEF810-C20C-4B07-9813-1015811EB472}.Debug|Any CPU.ActiveCfg = Debug|Any CPU
		{D7CEF810-C20C-4B07-9813-1015811EB472}.Debug|Any CPU.Build.0 = Debug|Any CPU
		{D7CEF810-C20C-4B07-9813-1015811EB472}.Release|Any CPU.ActiveCfg = Release|Any CPU
		{D7CEF810-C20C-4B07-9813-1015811EB472}.Release|Any CPU.Build.0 = Release|Any CPU
		{972E976F-B1C2-4389-93CE-8034470C97A8}.Debug|Any CPU.ActiveCfg = Debug|Any CPU
		{972E976F-B1C2-4389-93CE-8034470C97A8}.Debug|Any CPU.Build.0 = Debug|Any CPU
		{972E976F-B1C2-4389-93CE-8034470C97A8}.Release|Any CPU.ActiveCfg = Release|Any CPU
		{972E976F-B1C2-4389-93CE-8034470C97A8}.Release|Any CPU.Build.0 = Release|Any CPU
		{60F20494-7CD6-42DE-9976-5CCAD7B48143}.Debug|Any CPU.ActiveCfg = Debug|Any CPU
		{60F20494-7CD6-42DE-9976-5CCAD7B48143}.Debug|Any CPU.Build.0 = Debug|Any CPU
		{60F20494-7CD6-42DE-9976-5CCAD7B48143}.Release|Any CPU.ActiveCfg = Release|Any CPU
		{60F20494-7CD6-42DE-9976-5CCAD7B48143}.Release|Any CPU.Build.0 = Release|Any CPU
		{F5D724BA-554F-4664-B285-E886BA4A80F2}.Debug|Any CPU.ActiveCfg = Debug|Any CPU
		{F5D724BA-554F-4664-B285-E886BA4A80F2}.Debug|Any CPU.Build.0 = Debug|Any CPU
		{F5D724BA-554F-4664-B285-E886BA4A80F2}.Release|Any CPU.ActiveCfg = Release|Any CPU
		{F5D724BA-554F-4664-B285-E886BA4A80F2}.Release|Any CPU.Build.0 = Release|Any CPU
		{06342F0F-16AE-43D7-B322-AD139E95DF12}.Debug|Any CPU.ActiveCfg = Debug|Any CPU
		{06342F0F-16AE-43D7-B322-AD139E95DF12}.Debug|Any CPU.Build.0 = Debug|Any CPU
		{06342F0F-16AE-43D7-B322-AD139E95DF12}.Release|Any CPU.ActiveCfg = Release|Any CPU
		{06342F0F-16AE-43D7-B322-AD139E95DF12}.Release|Any CPU.Build.0 = Release|Any CPU
		{189DCA3A-C807-47C3-9ACA-D1FD126E9331}.Debug|Any CPU.ActiveCfg = Debug|Any CPU
		{189DCA3A-C807-47C3-9ACA-D1FD126E9331}.Debug|Any CPU.Build.0 = Debug|Any CPU
		{189DCA3A-C807-47C3-9ACA-D1FD126E9331}.Release|Any CPU.ActiveCfg = Release|Any CPU
		{189DCA3A-C807-47C3-9ACA-D1FD126E9331}.Release|Any CPU.Build.0 = Release|Any CPU
		{BE24CB39-F952-4438-9613-7EFBAB5EC141}.Debug|Any CPU.ActiveCfg = Debug|Any CPU
		{BE24CB39-F952-4438-9613-7EFBAB5EC141}.Debug|Any CPU.Build.0 = Debug|Any CPU
		{BE24CB39-F952-4438-9613-7EFBAB5EC141}.Release|Any CPU.ActiveCfg = Release|Any CPU
		{BE24CB39-F952-4438-9613-7EFBAB5EC141}.Release|Any CPU.Build.0 = Release|Any CPU
		{A1F3F946-87F5-4F08-BDE0-335ACF51C995}.Debug|Any CPU.ActiveCfg = Debug|Any CPU
		{A1F3F946-87F5-4F08-BDE0-335ACF51C995}.Debug|Any CPU.Build.0 = Debug|Any CPU
		{A1F3F946-87F5-4F08-BDE0-335ACF51C995}.Release|Any CPU.ActiveCfg = Release|Any CPU
		{A1F3F946-87F5-4F08-BDE0-335ACF51C995}.Release|Any CPU.Build.0 = Release|Any CPU
		{94C525C7-E583-4ADB-A197-85E0C2D96DEF}.Debug|Any CPU.ActiveCfg = Debug|Any CPU
		{94C525C7-E583-4ADB-A197-85E0C2D96DEF}.Debug|Any CPU.Build.0 = Debug|Any CPU
		{94C525C7-E583-4ADB-A197-85E0C2D96DEF}.Release|Any CPU.ActiveCfg = Release|Any CPU
		{94C525C7-E583-4ADB-A197-85E0C2D96DEF}.Release|Any CPU.Build.0 = Release|Any CPU
		{B6EAC230-1E44-469B-BA50-3A5DF5F4652E}.Debug|Any CPU.ActiveCfg = Debug|Any CPU
		{B6EAC230-1E44-469B-BA50-3A5DF5F4652E}.Debug|Any CPU.Build.0 = Debug|Any CPU
		{B6EAC230-1E44-469B-BA50-3A5DF5F4652E}.Release|Any CPU.ActiveCfg = Release|Any CPU
		{B6EAC230-1E44-469B-BA50-3A5DF5F4652E}.Release|Any CPU.Build.0 = Release|Any CPU
		{7267E24E-76E3-407B-976B-75B5A298DC49}.Debug|Any CPU.ActiveCfg = Debug|Any CPU
		{7267E24E-76E3-407B-976B-75B5A298DC49}.Debug|Any CPU.Build.0 = Debug|Any CPU
		{7267E24E-76E3-407B-976B-75B5A298DC49}.Release|Any CPU.ActiveCfg = Release|Any CPU
		{7267E24E-76E3-407B-976B-75B5A298DC49}.Release|Any CPU.Build.0 = Release|Any CPU
		{58E2AD95-B412-4021-991A-75799BE4C0F2}.Debug|Any CPU.ActiveCfg = Debug|Any CPU
		{58E2AD95-B412-4021-991A-75799BE4C0F2}.Debug|Any CPU.Build.0 = Debug|Any CPU
		{58E2AD95-B412-4021-991A-75799BE4C0F2}.Release|Any CPU.ActiveCfg = Release|Any CPU
		{58E2AD95-B412-4021-991A-75799BE4C0F2}.Release|Any CPU.Build.0 = Release|Any CPU
		{0A53FAB2-F142-4627-9DF9-10E74E37034C}.Debug|Any CPU.ActiveCfg = Debug|Any CPU
		{0A53FAB2-F142-4627-9DF9-10E74E37034C}.Debug|Any CPU.Build.0 = Debug|Any CPU
		{0A53FAB2-F142-4627-9DF9-10E74E37034C}.Release|Any CPU.ActiveCfg = Release|Any CPU
		{0A53FAB2-F142-4627-9DF9-10E74E37034C}.Release|Any CPU.Build.0 = Release|Any CPU
		{B24F151F-CA1C-4C1B-A27A-98A3049D4884}.Debug|Any CPU.ActiveCfg = Debug|Any CPU
		{B24F151F-CA1C-4C1B-A27A-98A3049D4884}.Debug|Any CPU.Build.0 = Debug|Any CPU
		{B24F151F-CA1C-4C1B-A27A-98A3049D4884}.Release|Any CPU.ActiveCfg = Release|Any CPU
		{B24F151F-CA1C-4C1B-A27A-98A3049D4884}.Release|Any CPU.Build.0 = Release|Any CPU
		{7F477410-CC32-45CE-B85C-FA518FE68228}.Debug|Any CPU.ActiveCfg = Debug|Any CPU
		{7F477410-CC32-45CE-B85C-FA518FE68228}.Debug|Any CPU.Build.0 = Debug|Any CPU
		{7F477410-CC32-45CE-B85C-FA518FE68228}.Release|Any CPU.ActiveCfg = Release|Any CPU
		{7F477410-CC32-45CE-B85C-FA518FE68228}.Release|Any CPU.Build.0 = Release|Any CPU
		{424CE267-7472-4138-90E0-7D41610FEEEF}.Debug|Any CPU.ActiveCfg = Debug|Any CPU
		{424CE267-7472-4138-90E0-7D41610FEEEF}.Debug|Any CPU.Build.0 = Debug|Any CPU
		{424CE267-7472-4138-90E0-7D41610FEEEF}.Release|Any CPU.ActiveCfg = Release|Any CPU
		{424CE267-7472-4138-90E0-7D41610FEEEF}.Release|Any CPU.Build.0 = Release|Any CPU
		{12061E98-6342-4ACC-B366-BBBDF100FB07}.Debug|Any CPU.ActiveCfg = Debug|Any CPU
		{12061E98-6342-4ACC-B366-BBBDF100FB07}.Debug|Any CPU.Build.0 = Debug|Any CPU
		{12061E98-6342-4ACC-B366-BBBDF100FB07}.Release|Any CPU.ActiveCfg = Release|Any CPU
		{12061E98-6342-4ACC-B366-BBBDF100FB07}.Release|Any CPU.Build.0 = Release|Any CPU
		{4FCDE0F5-208C-487D-A982-712E4EBC24D4}.Debug|Any CPU.ActiveCfg = Debug|Any CPU
		{4FCDE0F5-208C-487D-A982-712E4EBC24D4}.Debug|Any CPU.Build.0 = Debug|Any CPU
		{4FCDE0F5-208C-487D-A982-712E4EBC24D4}.Release|Any CPU.ActiveCfg = Release|Any CPU
		{4FCDE0F5-208C-487D-A982-712E4EBC24D4}.Release|Any CPU.Build.0 = Release|Any CPU
		{C4092C40-BC8C-435F-83D4-3CAD71895522}.Debug|Any CPU.ActiveCfg = Debug|Any CPU
		{C4092C40-BC8C-435F-83D4-3CAD71895522}.Debug|Any CPU.Build.0 = Debug|Any CPU
		{C4092C40-BC8C-435F-83D4-3CAD71895522}.Release|Any CPU.ActiveCfg = Release|Any CPU
		{C4092C40-BC8C-435F-83D4-3CAD71895522}.Release|Any CPU.Build.0 = Release|Any CPU
		{CF03D5A6-2A4F-4822-B010-9CEA7237B0DE}.Debug|Any CPU.ActiveCfg = Debug|Any CPU
		{CF03D5A6-2A4F-4822-B010-9CEA7237B0DE}.Debug|Any CPU.Build.0 = Debug|Any CPU
		{CF03D5A6-2A4F-4822-B010-9CEA7237B0DE}.Release|Any CPU.ActiveCfg = Release|Any CPU
		{CF03D5A6-2A4F-4822-B010-9CEA7237B0DE}.Release|Any CPU.Build.0 = Release|Any CPU
		{95D0DB6C-3A6B-4E12-A715-15F228E69BBB}.Debug|Any CPU.ActiveCfg = Debug|Any CPU
		{95D0DB6C-3A6B-4E12-A715-15F228E69BBB}.Debug|Any CPU.Build.0 = Debug|Any CPU
		{95D0DB6C-3A6B-4E12-A715-15F228E69BBB}.Release|Any CPU.ActiveCfg = Release|Any CPU
		{95D0DB6C-3A6B-4E12-A715-15F228E69BBB}.Release|Any CPU.Build.0 = Release|Any CPU
		{B7FF569D-464A-4DB6-AA25-AE1C17106D03}.Debug|Any CPU.ActiveCfg = Debug|Any CPU
		{B7FF569D-464A-4DB6-AA25-AE1C17106D03}.Debug|Any CPU.Build.0 = Debug|Any CPU
		{B7FF569D-464A-4DB6-AA25-AE1C17106D03}.Release|Any CPU.ActiveCfg = Release|Any CPU
		{B7FF569D-464A-4DB6-AA25-AE1C17106D03}.Release|Any CPU.Build.0 = Release|Any CPU
		{C1E45178-D469-4CD3-8CC2-A646E446E9EE}.Debug|Any CPU.ActiveCfg = Debug|Any CPU
		{C1E45178-D469-4CD3-8CC2-A646E446E9EE}.Debug|Any CPU.Build.0 = Debug|Any CPU
		{C1E45178-D469-4CD3-8CC2-A646E446E9EE}.Release|Any CPU.ActiveCfg = Release|Any CPU
		{C1E45178-D469-4CD3-8CC2-A646E446E9EE}.Release|Any CPU.Build.0 = Release|Any CPU
		{EDEC3020-B3E1-45A0-8376-F81F675A366A}.Debug|Any CPU.ActiveCfg = Debug|Any CPU
		{EDEC3020-B3E1-45A0-8376-F81F675A366A}.Debug|Any CPU.Build.0 = Debug|Any CPU
		{EDEC3020-B3E1-45A0-8376-F81F675A366A}.Release|Any CPU.ActiveCfg = Release|Any CPU
		{EDEC3020-B3E1-45A0-8376-F81F675A366A}.Release|Any CPU.Build.0 = Release|Any CPU
		{20EFC86A-02AE-4F45-9AA2-9CE2C0979784}.Debug|Any CPU.ActiveCfg = Debug|Any CPU
		{20EFC86A-02AE-4F45-9AA2-9CE2C0979784}.Debug|Any CPU.Build.0 = Debug|Any CPU
		{20EFC86A-02AE-4F45-9AA2-9CE2C0979784}.Release|Any CPU.ActiveCfg = Release|Any CPU
		{20EFC86A-02AE-4F45-9AA2-9CE2C0979784}.Release|Any CPU.Build.0 = Release|Any CPU
	EndGlobalSection
	GlobalSection(SolutionProperties) = preSolution
		HideSolutionNode = FALSE
	EndGlobalSection
	GlobalSection(NestedProjects) = preSolution
		{D7CEF810-C20C-4B07-9813-1015811EB472} = {107BD733-D37D-4EA9-B449-8542E99B4942}
		{972E976F-B1C2-4389-93CE-8034470C97A8} = {C6A9E05D-DCB0-49B8-A0F5-BF30E90077B0}
		{60F20494-7CD6-42DE-9976-5CCAD7B48143} = {C6A9E05D-DCB0-49B8-A0F5-BF30E90077B0}
		{F5D724BA-554F-4664-B285-E886BA4A80F2} = {20F08D9D-FAE8-4966-AA5C-6673E8941507}
		{06342F0F-16AE-43D7-B322-AD139E95DF12} = {20F08D9D-FAE8-4966-AA5C-6673E8941507}
		{189DCA3A-C807-47C3-9ACA-D1FD126E9331} = {20F08D9D-FAE8-4966-AA5C-6673E8941507}
		{BE24CB39-F952-4438-9613-7EFBAB5EC141} = {98541F5B-5D4A-4BF0-87FD-B4652DA4CC5B}
		{A1F3F946-87F5-4F08-BDE0-335ACF51C995} = {20F08D9D-FAE8-4966-AA5C-6673E8941507}
		{94C525C7-E583-4ADB-A197-85E0C2D96DEF} = {107BD733-D37D-4EA9-B449-8542E99B4942}
		{B6EAC230-1E44-469B-BA50-3A5DF5F4652E} = {107BD733-D37D-4EA9-B449-8542E99B4942}
		{7267E24E-76E3-407B-976B-75B5A298DC49} = {C6A9E05D-DCB0-49B8-A0F5-BF30E90077B0}
		{58E2AD95-B412-4021-991A-75799BE4C0F2} = {B44B248F-2BB5-479F-8904-643DE633B559}
		{0A53FAB2-F142-4627-9DF9-10E74E37034C} = {98541F5B-5D4A-4BF0-87FD-B4652DA4CC5B}
		{B24F151F-CA1C-4C1B-A27A-98A3049D4884} = {B44B248F-2BB5-479F-8904-643DE633B559}
		{7F477410-CC32-45CE-B85C-FA518FE68228} = {1E8FFC09-44F9-438C-B4E8-6AAAD181406F}
		{424CE267-7472-4138-90E0-7D41610FEEEF} = {107BD733-D37D-4EA9-B449-8542E99B4942}
		{12061E98-6342-4ACC-B366-BBBDF100FB07} = {107BD733-D37D-4EA9-B449-8542E99B4942}
		{4FCDE0F5-208C-487D-A982-712E4EBC24D4} = {B44B248F-2BB5-479F-8904-643DE633B559}
		{C4092C40-BC8C-435F-83D4-3CAD71895522} = {B44B248F-2BB5-479F-8904-643DE633B559}
		{CF03D5A6-2A4F-4822-B010-9CEA7237B0DE} = {B44B248F-2BB5-479F-8904-643DE633B559}
		{95D0DB6C-3A6B-4E12-A715-15F228E69BBB} = {B44B248F-2BB5-479F-8904-643DE633B559}
		{B7FF569D-464A-4DB6-AA25-AE1C17106D03} = {B44B248F-2BB5-479F-8904-643DE633B559}
		{C1E45178-D469-4CD3-8CC2-A646E446E9EE} = {107BD733-D37D-4EA9-B449-8542E99B4942}
		{EDEC3020-B3E1-45A0-8376-F81F675A366A} = {880DA4A9-EE39-4DC8-8CB4-43B8EB841C10}
		{20EFC86A-02AE-4F45-9AA2-9CE2C0979784} = {B44B248F-2BB5-479F-8904-643DE633B559}
	EndGlobalSection
EndGlobal
